// !$*UTF8*$!
{
	archiveVersion = 1;
	classes = {
	};
	objectVersion = 77;
	objects = {

/* Begin PBXBuildFile section */
		EC753BEA2E31ADDF00EDF7F4 /* ElevenLabsSDK in Frameworks */ = {isa = PBXBuildFile; productRef = EC753BE92E31ADDF00EDF7F4 /* ElevenLabsSDK */; };
		ECD99F722E31A5AA0002B407 /* ElevenLabs in Frameworks */ = {isa = PBXBuildFile; productRef = ECD99F712E31A5AA0002B407 /* ElevenLabs */; };
/* End PBXBuildFile section */

/* Begin PBXContainerItemProxy section */
		B90A0B222E2EAA7100A8D7BE /* PBXContainerItemProxy */ = {
			isa = PBXContainerItemProxy;
			containerPortal = B90A0B0A2E2EAA7000A8D7BE /* Project object */;
			proxyType = 1;
			remoteGlobalIDString = B90A0B112E2EAA7000A8D7BE;
			remoteInfo = VoiceAssistant;
		};
		B90A0B2C2E2EAA7100A8D7BE /* PBXContainerItemProxy */ = {
			isa = PBXContainerItemProxy;
			containerPortal = B90A0B0A2E2EAA7000A8D7BE /* Project object */;
			proxyType = 1;
			remoteGlobalIDString = B90A0B112E2EAA7000A8D7BE;
			remoteInfo = VoiceAssistant;
		};
/* End PBXContainerItemProxy section */

/* Begin PBXFileReference section */
		B90A0B122E2EAA7000A8D7BE /* VoiceAssistant.app */ = {isa = PBXFileReference; explicitFileType = wrapper.application; includeInIndex = 0; path = VoiceAssistant.app; sourceTree = BUILT_PRODUCTS_DIR; };
		B90A0B212E2EAA7100A8D7BE /* VoiceAssistantTests.xctest */ = {isa = PBXFileReference; explicitFileType = wrapper.cfbundle; includeInIndex = 0; path = VoiceAssistantTests.xctest; sourceTree = BUILT_PRODUCTS_DIR; };
		B90A0B2B2E2EAA7100A8D7BE /* VoiceAssistantUITests.xctest */ = {isa = PBXFileReference; explicitFileType = wrapper.cfbundle; includeInIndex = 0; path = VoiceAssistantUITests.xctest; sourceTree = BUILT_PRODUCTS_DIR; };
/* End PBXFileReference section */

/* Begin PBXFileSystemSynchronizedRootGroup section */
		B90A0B142E2EAA7000A8D7BE /* VoiceAssistant */ = {
			isa = PBXFileSystemSynchronizedRootGroup;
			path = VoiceAssistant;
			sourceTree = "<group>";
		};
		B90A0B242E2EAA7100A8D7BE /* VoiceAssistantTests */ = {
			isa = PBXFileSystemSynchronizedRootGroup;
			path = VoiceAssistantTests;
			sourceTree = "<group>";
		};
		B90A0B2E2E2EAA7100A8D7BE /* VoiceAssistantUITests */ = {
			isa = PBXFileSystemSynchronizedRootGroup;
			path = VoiceAssistantUITests;
			sourceTree = "<group>";
		};
/* End PBXFileSystemSynchronizedRootGroup section */

/* Begin PBXFrameworksBuildPhase section */
		B90A0B0F2E2EAA7000A8D7BE /* Frameworks */ = {
			isa = PBXFrameworksBuildPhase;
			buildActionMask = 2147483647;
			files = (
				EC753BEA2E31ADDF00EDF7F4 /* ElevenLabsSDK in Frameworks */,
				ECD99F722E31A5AA0002B407 /* ElevenLabs in Frameworks */,
			);
			runOnlyForDeploymentPostprocessing = 0;
		};
		B90A0B1E2E2EAA7100A8D7BE /* Frameworks */ = {
			isa = PBXFrameworksBuildPhase;
			buildActionMask = 2147483647;
			files = (
			);
			runOnlyForDeploymentPostprocessing = 0;
		};
		B90A0B282E2EAA7100A8D7BE /* Frameworks */ = {
			isa = PBXFrameworksBuildPhase;
			buildActionMask = 2147483647;
			files = (
			);
			runOnlyForDeploymentPostprocessing = 0;
		};
/* End PBXFrameworksBuildPhase section */

/* Begin PBXGroup section */
		B90A0B092E2EAA7000A8D7BE = {
			isa = PBXGroup;
			children = (
				B90A0B142E2EAA7000A8D7BE /* VoiceAssistant */,
				B90A0B242E2EAA7100A8D7BE /* VoiceAssistantTests */,
				B90A0B2E2E2EAA7100A8D7BE /* VoiceAssistantUITests */,
				B90A0B132E2EAA7000A8D7BE /* Products */,
			);
			sourceTree = "<group>";
		};
		B90A0B132E2EAA7000A8D7BE /* Products */ = {
			isa = PBXGroup;
			children = (
				B90A0B122E2EAA7000A8D7BE /* VoiceAssistant.app */,
				B90A0B212E2EAA7100A8D7BE /* VoiceAssistantTests.xctest */,
				B90A0B2B2E2EAA7100A8D7BE /* VoiceAssistantUITests.xctest */,
			);
			name = Products;
			sourceTree = "<group>";
		};
/* End PBXGroup section */

/* Begin PBXNativeTarget section */
		B90A0B112E2EAA7000A8D7BE /* VoiceAssistant */ = {
			isa = PBXNativeTarget;
			buildConfigurationList = B90A0B352E2EAA7100A8D7BE /* Build configuration list for PBXNativeTarget "VoiceAssistant" */;
			buildPhases = (
				B90A0B0E2E2EAA7000A8D7BE /* Sources */,
				B90A0B0F2E2EAA7000A8D7BE /* Frameworks */,
				B90A0B102E2EAA7000A8D7BE /* Resources */,
			);
			buildRules = (
			);
			dependencies = (
			);
			fileSystemSynchronizedGroups = (
				B90A0B142E2EAA7000A8D7BE /* VoiceAssistant */,
			);
			name = VoiceAssistant;
			packageProductDependencies = (
				ECD99F712E31A5AA0002B407 /* ElevenLabs */,
				EC753BE92E31ADDF00EDF7F4 /* ElevenLabsSDK */,
			);
			productName = VoiceAssistant;
			productReference = B90A0B122E2EAA7000A8D7BE /* VoiceAssistant.app */;
			productType = "com.apple.product-type.application";
		};
		B90A0B202E2EAA7100A8D7BE /* VoiceAssistantTests */ = {
			isa = PBXNativeTarget;
			buildConfigurationList = B90A0B382E2EAA7100A8D7BE /* Build configuration list for PBXNativeTarget "VoiceAssistantTests" */;
			buildPhases = (
				B90A0B1D2E2EAA7100A8D7BE /* Sources */,
				B90A0B1E2E2EAA7100A8D7BE /* Frameworks */,
				B90A0B1F2E2EAA7100A8D7BE /* Resources */,
			);
			buildRules = (
			);
			dependencies = (
				B90A0B232E2EAA7100A8D7BE /* PBXTargetDependency */,
			);
			fileSystemSynchronizedGroups = (
				B90A0B242E2EAA7100A8D7BE /* VoiceAssistantTests */,
			);
			name = VoiceAssistantTests;
			packageProductDependencies = (
			);
			productName = VoiceAssistantTests;
			productReference = B90A0B212E2EAA7100A8D7BE /* VoiceAssistantTests.xctest */;
			productType = "com.apple.product-type.bundle.unit-test";
		};
		B90A0B2A2E2EAA7100A8D7BE /* VoiceAssistantUITests */ = {
			isa = PBXNativeTarget;
			buildConfigurationList = B90A0B3B2E2EAA7100A8D7BE /* Build configuration list for PBXNativeTarget "VoiceAssistantUITests" */;
			buildPhases = (
				B90A0B272E2EAA7100A8D7BE /* Sources */,
				B90A0B282E2EAA7100A8D7BE /* Frameworks */,
				B90A0B292E2EAA7100A8D7BE /* Resources */,
			);
			buildRules = (
			);
			dependencies = (
				B90A0B2D2E2EAA7100A8D7BE /* PBXTargetDependency */,
			);
			fileSystemSynchronizedGroups = (
				B90A0B2E2E2EAA7100A8D7BE /* VoiceAssistantUITests */,
			);
			name = VoiceAssistantUITests;
			packageProductDependencies = (
			);
			productName = VoiceAssistantUITests;
			productReference = B90A0B2B2E2EAA7100A8D7BE /* VoiceAssistantUITests.xctest */;
			productType = "com.apple.product-type.bundle.ui-testing";
		};
/* End PBXNativeTarget section */

/* Begin PBXProject section */
		B90A0B0A2E2EAA7000A8D7BE /* Project object */ = {
			isa = PBXProject;
			attributes = {
				BuildIndependentTargetsInParallel = 1;
				LastSwiftUpdateCheck = 1640;
				LastUpgradeCheck = 1640;
				TargetAttributes = {
					B90A0B112E2EAA7000A8D7BE = {
						CreatedOnToolsVersion = 16.4;
					};
					B90A0B202E2EAA7100A8D7BE = {
						CreatedOnToolsVersion = 16.4;
						TestTargetID = B90A0B112E2EAA7000A8D7BE;
					};
					B90A0B2A2E2EAA7100A8D7BE = {
						CreatedOnToolsVersion = 16.4;
						TestTargetID = B90A0B112E2EAA7000A8D7BE;
					};
				};
			};
			buildConfigurationList = B90A0B0D2E2EAA7000A8D7BE /* Build configuration list for PBXProject "VoiceAssistant" */;
			developmentRegion = en;
			hasScannedForEncodings = 0;
			knownRegions = (
				en,
				Base,
			);
			mainGroup = B90A0B092E2EAA7000A8D7BE;
			minimizedProjectReferenceProxies = 1;
			packageReferences = (
				ECD99F702E31A5AA0002B407 /* XCRemoteSwiftPackageReference "ElevenLabsSwift" */,
				EC753BE82E31ADDF00EDF7F4 /* XCRemoteSwiftPackageReference "elevenlabs-swift-sdk" */,
			);
			preferredProjectObjectVersion = 77;
			productRefGroup = B90A0B132E2EAA7000A8D7BE /* Products */;
			projectDirPath = "";
			projectRoot = "";
			targets = (
				B90A0B112E2EAA7000A8D7BE /* VoiceAssistant */,
				B90A0B202E2EAA7100A8D7BE /* VoiceAssistantTests */,
				B90A0B2A2E2EAA7100A8D7BE /* VoiceAssistantUITests */,
			);
		};
/* End PBXProject section */

/* Begin PBXResourcesBuildPhase section */
		B90A0B102E2EAA7000A8D7BE /* Resources */ = {
			isa = PBXResourcesBuildPhase;
			buildActionMask = 2147483647;
			files = (
			);
			runOnlyForDeploymentPostprocessing = 0;
		};
		B90A0B1F2E2EAA7100A8D7BE /* Resources */ = {
			isa = PBXResourcesBuildPhase;
			buildActionMask = 2147483647;
			files = (
			);
			runOnlyForDeploymentPostprocessing = 0;
		};
		B90A0B292E2EAA7100A8D7BE /* Resources */ = {
			isa = PBXResourcesBuildPhase;
			buildActionMask = 2147483647;
			files = (
			);
			runOnlyForDeploymentPostprocessing = 0;
		};
/* End PBXResourcesBuildPhase section */

/* Begin PBXSourcesBuildPhase section */
		B90A0B0E2E2EAA7000A8D7BE /* Sources */ = {
			isa = PBXSourcesBuildPhase;
			buildActionMask = 2147483647;
			files = (
			);
			runOnlyForDeploymentPostprocessing = 0;
		};
		B90A0B1D2E2EAA7100A8D7BE /* Sources */ = {
			isa = PBXSourcesBuildPhase;
			buildActionMask = 2147483647;
			files = (
			);
			runOnlyForDeploymentPostprocessing = 0;
		};
		B90A0B272E2EAA7100A8D7BE /* Sources */ = {
			isa = PBXSourcesBuildPhase;
			buildActionMask = 2147483647;
			files = (
			);
			runOnlyForDeploymentPostprocessing = 0;
		};
/* End PBXSourcesBuildPhase section */

/* Begin PBXTargetDependency section */
		B90A0B232E2EAA7100A8D7BE /* PBXTargetDependency */ = {
			isa = PBXTargetDependency;
			target = B90A0B112E2EAA7000A8D7BE /* VoiceAssistant */;
			targetProxy = B90A0B222E2EAA7100A8D7BE /* PBXContainerItemProxy */;
		};
		B90A0B2D2E2EAA7100A8D7BE /* PBXTargetDependency */ = {
			isa = PBXTargetDependency;
			target = B90A0B112E2EAA7000A8D7BE /* VoiceAssistant */;
			targetProxy = B90A0B2C2E2EAA7100A8D7BE /* PBXContainerItemProxy */;
		};
/* End PBXTargetDependency section */

/* Begin XCBuildConfiguration section */
		B90A0B332E2EAA7100A8D7BE /* Debug */ = {
			isa = XCBuildConfiguration;
			buildSettings = {
				ALWAYS_SEARCH_USER_PATHS = NO;
				ASSETCATALOG_COMPILER_GENERATE_SWIFT_ASSET_SYMBOL_EXTENSIONS = YES;
				CLANG_ANALYZER_NONNULL = YES;
				CLANG_ANALYZER_NUMBER_OBJECT_CONVERSION = YES_AGGRESSIVE;
				CLANG_CXX_LANGUAGE_STANDARD = "gnu++20";
				CLANG_ENABLE_MODULES = YES;
				CLANG_ENABLE_OBJC_ARC = YES;
				CLANG_ENABLE_OBJC_WEAK = YES;
				CLANG_WARN_BLOCK_CAPTURE_AUTORELEASING = YES;
				CLANG_WARN_BOOL_CONVERSION = YES;
				CLANG_WARN_COMMA = YES;
				CLANG_WARN_CONSTANT_CONVERSION = YES;
				CLANG_WARN_DEPRECATED_OBJC_IMPLEMENTATIONS = YES;
				CLANG_WARN_DIRECT_OBJC_ISA_USAGE = YES_ERROR;
				CLANG_WARN_DOCUMENTATION_COMMENTS = YES;
				CLANG_WARN_EMPTY_BODY = YES;
				CLANG_WARN_ENUM_CONVERSION = YES;
				CLANG_WARN_INFINITE_RECURSION = YES;
				CLANG_WARN_INT_CONVERSION = YES;
				CLANG_WARN_NON_LITERAL_NULL_CONVERSION = YES;
				CLANG_WARN_OBJC_IMPLICIT_RETAIN_SELF = YES;
				CLANG_WARN_OBJC_LITERAL_CONVERSION = YES;
				CLANG_WARN_OBJC_ROOT_CLASS = YES_ERROR;
				CLANG_WARN_QUOTED_INCLUDE_IN_FRAMEWORK_HEADER = YES;
				CLANG_WARN_RANGE_LOOP_ANALYSIS = YES;
				CLANG_WARN_STRICT_PROTOTYPES = YES;
				CLANG_WARN_SUSPICIOUS_MOVE = YES;
				CLANG_WARN_UNGUARDED_AVAILABILITY = YES_AGGRESSIVE;
				CLANG_WARN_UNREACHABLE_CODE = YES;
				CLANG_WARN__DUPLICATE_METHOD_MATCH = YES;
				COPY_PHASE_STRIP = NO;
				DEBUG_INFORMATION_FORMAT = dwarf;
				DEVELOPMENT_TEAM = P75BZX2XSJ;
				ENABLE_STRICT_OBJC_MSGSEND = YES;
				ENABLE_TESTABILITY = YES;
				ENABLE_USER_SCRIPT_SANDBOXING = YES;
				GCC_C_LANGUAGE_STANDARD = gnu17;
				GCC_DYNAMIC_NO_PIC = NO;
				GCC_NO_COMMON_BLOCKS = YES;
				GCC_OPTIMIZATION_LEVEL = 0;
				GCC_PREPROCESSOR_DEFINITIONS = (
					"DEBUG=1",
					"$(inherited)",
				);
				GCC_WARN_64_TO_32_BIT_CONVERSION = YES;
				GCC_WARN_ABOUT_RETURN_TYPE = YES_ERROR;
				GCC_WARN_UNDECLARED_SELECTOR = YES;
				GCC_WARN_UNINITIALIZED_AUTOS = YES_AGGRESSIVE;
				GCC_WARN_UNUSED_FUNCTION = YES;
				GCC_WARN_UNUSED_VARIABLE = YES;
				IPHONEOS_DEPLOYMENT_TARGET = 18.5;
				LOCALIZATION_PREFERS_STRING_CATALOGS = YES;
				MTL_ENABLE_DEBUG_INFO = INCLUDE_SOURCE;
				MTL_FAST_MATH = YES;
				ONLY_ACTIVE_ARCH = YES;
				SDKROOT = iphoneos;
				SWIFT_ACTIVE_COMPILATION_CONDITIONS = "DEBUG $(inherited)";
				SWIFT_OPTIMIZATION_LEVEL = "-Onone";
			};
			name = Debug;
		};
		B90A0B342E2EAA7100A8D7BE /* Release */ = {
			isa = XCBuildConfiguration;
			buildSettings = {
				ALWAYS_SEARCH_USER_PATHS = NO;
				ASSETCATALOG_COMPILER_GENERATE_SWIFT_ASSET_SYMBOL_EXTENSIONS = YES;
				CLANG_ANALYZER_NONNULL = YES;
				CLANG_ANALYZER_NUMBER_OBJECT_CONVERSION = YES_AGGRESSIVE;
				CLANG_CXX_LANGUAGE_STANDARD = "gnu++20";
				CLANG_ENABLE_MODULES = YES;
				CLANG_ENABLE_OBJC_ARC = YES;
				CLANG_ENABLE_OBJC_WEAK = YES;
				CLANG_WARN_BLOCK_CAPTURE_AUTORELEASING = YES;
				CLANG_WARN_BOOL_CONVERSION = YES;
				CLANG_WARN_COMMA = YES;
				CLANG_WARN_CONSTANT_CONVERSION = YES;
				CLANG_WARN_DEPRECATED_OBJC_IMPLEMENTATIONS = YES;
				CLANG_WARN_DIRECT_OBJC_ISA_USAGE = YES_ERROR;
				CLANG_WARN_DOCUMENTATION_COMMENTS = YES;
				CLANG_WARN_EMPTY_BODY = YES;
				CLANG_WARN_ENUM_CONVERSION = YES;
				CLANG_WARN_INFINITE_RECURSION = YES;
				CLANG_WARN_INT_CONVERSION = YES;
				CLANG_WARN_NON_LITERAL_NULL_CONVERSION = YES;
				CLANG_WARN_OBJC_IMPLICIT_RETAIN_SELF = YES;
				CLANG_WARN_OBJC_LITERAL_CONVERSION = YES;
				CLANG_WARN_OBJC_ROOT_CLASS = YES_ERROR;
				CLANG_WARN_QUOTED_INCLUDE_IN_FRAMEWORK_HEADER = YES;
				CLANG_WARN_RANGE_LOOP_ANALYSIS = YES;
				CLANG_WARN_STRICT_PROTOTYPES = YES;
				CLANG_WARN_SUSPICIOUS_MOVE = YES;
				CLANG_WARN_UNGUARDED_AVAILABILITY = YES_AGGRESSIVE;
				CLANG_WARN_UNREACHABLE_CODE = YES;
				CLANG_WARN__DUPLICATE_METHOD_MATCH = YES;
				COPY_PHASE_STRIP = NO;
				DEBUG_INFORMATION_FORMAT = "dwarf-with-dsym";
				DEVELOPMENT_TEAM = P75BZX2XSJ;
				ENABLE_NS_ASSERTIONS = NO;
				ENABLE_STRICT_OBJC_MSGSEND = YES;
				ENABLE_USER_SCRIPT_SANDBOXING = YES;
				GCC_C_LANGUAGE_STANDARD = gnu17;
				GCC_NO_COMMON_BLOCKS = YES;
				GCC_WARN_64_TO_32_BIT_CONVERSION = YES;
				GCC_WARN_ABOUT_RETURN_TYPE = YES_ERROR;
				GCC_WARN_UNDECLARED_SELECTOR = YES;
				GCC_WARN_UNINITIALIZED_AUTOS = YES_AGGRESSIVE;
				GCC_WARN_UNUSED_FUNCTION = YES;
				GCC_WARN_UNUSED_VARIABLE = YES;
				IPHONEOS_DEPLOYMENT_TARGET = 18.5;
				LOCALIZATION_PREFERS_STRING_CATALOGS = YES;
				MTL_ENABLE_DEBUG_INFO = NO;
				MTL_FAST_MATH = YES;
				SDKROOT = iphoneos;
				SWIFT_COMPILATION_MODE = wholemodule;
				VALIDATE_PRODUCT = YES;
			};
			name = Release;
		};
		B90A0B362E2EAA7100A8D7BE /* Debug */ = {
			isa = XCBuildConfiguration;
			buildSettings = {
				ASSETCATALOG_COMPILER_APPICON_NAME = AppIcon;
				ASSETCATALOG_COMPILER_GLOBAL_ACCENT_COLOR_NAME = AccentColor;
				CODE_SIGN_STYLE = Automatic;
				CURRENT_PROJECT_VERSION = 1;
				DEVELOPMENT_TEAM = 99BHWCPSQ6;
				ENABLE_PREVIEWS = YES;
				GENERATE_INFOPLIST_FILE = YES;
				INFOPLIST_KEY_NSMicrophoneUsageDescription = "Voice Assistant needs access to your microphone for live AI voice interaction with ElevenLabs.";
				INFOPLIST_KEY_UIApplicationSceneManifest_Generation = YES;
				INFOPLIST_KEY_UIApplicationSupportsIndirectInputEvents = YES;
				INFOPLIST_KEY_UIBackgroundModes = audio;
				INFOPLIST_KEY_UILaunchScreen_Generation = YES;
				INFOPLIST_KEY_UIRequiredDeviceCapabilities = microphone;
				INFOPLIST_KEY_UISupportedInterfaceOrientations_iPad = "UIInterfaceOrientationPortrait UIInterfaceOrientationPortraitUpsideDown UIInterfaceOrientationLandscapeLeft UIInterfaceOrientationLandscapeRight";
				INFOPLIST_KEY_UISupportedInterfaceOrientations_iPhone = "UIInterfaceOrientationPortrait UIInterfaceOrientationLandscapeLeft UIInterfaceOrientationLandscapeRight";
				IPHONEOS_DEPLOYMENT_TARGET = 17.6;
				LD_RUNPATH_SEARCH_PATHS = (
					"$(inherited)",
					"@executable_path/Frameworks",
				);
				MARKETING_VERSION = 1.0;
				PRODUCT_BUNDLE_IDENTIFIER = lemur.VoiceAssistant;
				PRODUCT_NAME = "$(TARGET_NAME)";
				SWIFT_EMIT_LOC_STRINGS = YES;
				SWIFT_VERSION = 5.0;
				TARGETED_DEVICE_FAMILY = "1,2";
			};
			name = Debug;
		};
		B90A0B372E2EAA7100A8D7BE /* Release */ = {
			isa = XCBuildConfiguration;
			buildSettings = {
				ASSETCATALOG_COMPILER_APPICON_NAME = AppIcon;
				ASSETCATALOG_COMPILER_GLOBAL_ACCENT_COLOR_NAME = AccentColor;
				CODE_SIGN_STYLE = Automatic;
				CURRENT_PROJECT_VERSION = 1;
				DEVELOPMENT_TEAM = 99BHWCPSQ6;
				ENABLE_PREVIEWS = YES;
				GENERATE_INFOPLIST_FILE = YES;
				INFOPLIST_KEY_NSMicrophoneUsageDescription = "Voice Assistant needs access to your microphone for live AI voice interaction with ElevenLabs.";
				INFOPLIST_KEY_UIApplicationSceneManifest_Generation = YES;
				INFOPLIST_KEY_UIApplicationSupportsIndirectInputEvents = YES;
				INFOPLIST_KEY_UIBackgroundModes = audio;
				INFOPLIST_KEY_UILaunchScreen_Generation = YES;
				INFOPLIST_KEY_UIRequiredDeviceCapabilities = microphone;
				INFOPLIST_KEY_UISupportedInterfaceOrientations_iPad = "UIInterfaceOrientationPortrait UIInterfaceOrientationPortraitUpsideDown UIInterfaceOrientationLandscapeLeft UIInterfaceOrientationLandscapeRight";
				INFOPLIST_KEY_UISupportedInterfaceOrientations_iPhone = "UIInterfaceOrientationPortrait UIInterfaceOrientationLandscapeLeft UIInterfaceOrientationLandscapeRight";
				IPHONEOS_DEPLOYMENT_TARGET = 17.6;
				LD_RUNPATH_SEARCH_PATHS = (
					"$(inherited)",
					"@executable_path/Frameworks",
				);
				MARKETING_VERSION = 1.0;
				PRODUCT_BUNDLE_IDENTIFIER = lemur.VoiceAssistant;
				PRODUCT_NAME = "$(TARGET_NAME)";
				SWIFT_EMIT_LOC_STRINGS = YES;
				SWIFT_VERSION = 5.0;
				TARGETED_DEVICE_FAMILY = "1,2";
			};
			name = Release;
		};
		B90A0B392E2EAA7100A8D7BE /* Debug */ = {
			isa = XCBuildConfiguration;
			buildSettings = {
				BUNDLE_LOADER = "$(TEST_HOST)";
				CODE_SIGN_STYLE = Automatic;
				CURRENT_PROJECT_VERSION = 1;
				DEVELOPMENT_TEAM = P75BZX2XSJ;
				GENERATE_INFOPLIST_FILE = YES;
				IPHONEOS_DEPLOYMENT_TARGET = 18.5;
				MARKETING_VERSION = 1.0;
				PRODUCT_BUNDLE_IDENTIFIER = lemur.VoiceAssistantTests;
				PRODUCT_NAME = "$(TARGET_NAME)";
				SWIFT_EMIT_LOC_STRINGS = NO;
				SWIFT_VERSION = 5.0;
				TARGETED_DEVICE_FAMILY = "1,2";
				TEST_HOST = "$(BUILT_PRODUCTS_DIR)/VoiceAssistant.app/$(BUNDLE_EXECUTABLE_FOLDER_PATH)/VoiceAssistant";
			};
			name = Debug;
		};
		B90A0B3A2E2EAA7100A8D7BE /* Release */ = {
			isa = XCBuildConfiguration;
			buildSettings = {
				BUNDLE_LOADER = "$(TEST_HOST)";
				CODE_SIGN_STYLE = Automatic;
				CURRENT_PROJECT_VERSION = 1;
				DEVELOPMENT_TEAM = P75BZX2XSJ;
				GENERATE_INFOPLIST_FILE = YES;
				IPHONEOS_DEPLOYMENT_TARGET = 18.5;
				MARKETING_VERSION = 1.0;
				PRODUCT_BUNDLE_IDENTIFIER = lemur.VoiceAssistantTests;
				PRODUCT_NAME = "$(TARGET_NAME)";
				SWIFT_EMIT_LOC_STRINGS = NO;
				SWIFT_VERSION = 5.0;
				TARGETED_DEVICE_FAMILY = "1,2";
				TEST_HOST = "$(BUILT_PRODUCTS_DIR)/VoiceAssistant.app/$(BUNDLE_EXECUTABLE_FOLDER_PATH)/VoiceAssistant";
			};
			name = Release;
		};
		B90A0B3C2E2EAA7100A8D7BE /* Debug */ = {
			isa = XCBuildConfiguration;
			buildSettings = {
				CODE_SIGN_STYLE = Automatic;
				CURRENT_PROJECT_VERSION = 1;
				DEVELOPMENT_TEAM = P75BZX2XSJ;
				GENERATE_INFOPLIST_FILE = YES;
				MARKETING_VERSION = 1.0;
				PRODUCT_BUNDLE_IDENTIFIER = lemur.VoiceAssistantUITests;
				PRODUCT_NAME = "$(TARGET_NAME)";
				SWIFT_EMIT_LOC_STRINGS = NO;
				SWIFT_VERSION = 5.0;
				TARGETED_DEVICE_FAMILY = "1,2";
				TEST_TARGET_NAME = VoiceAssistant;
			};
			name = Debug;
		};
		B90A0B3D2E2EAA7100A8D7BE /* Release */ = {
			isa = XCBuildConfiguration;
			buildSettings = {
				CODE_SIGN_STYLE = Automatic;
				CURRENT_PROJECT_VERSION = 1;
				DEVELOPMENT_TEAM = P75BZX2XSJ;
				GENERATE_INFOPLIST_FILE = YES;
				MARKETING_VERSION = 1.0;
				PRODUCT_BUNDLE_IDENTIFIER = lemur.VoiceAssistantUITests;
				PRODUCT_NAME = "$(TARGET_NAME)";
				SWIFT_EMIT_LOC_STRINGS = NO;
				SWIFT_VERSION = 5.0;
				TARGETED_DEVICE_FAMILY = "1,2";
				TEST_TARGET_NAME = VoiceAssistant;
			};
			name = Release;
		};
/* End XCBuildConfiguration section */

/* Begin XCConfigurationList section */
		B90A0B0D2E2EAA7000A8D7BE /* Build configuration list for PBXProject "VoiceAssistant" */ = {
			isa = XCConfigurationList;
			buildConfigurations = (
				B90A0B332E2EAA7100A8D7BE /* Debug */,
				B90A0B342E2EAA7100A8D7BE /* Release */,
			);
			defaultConfigurationIsVisible = 0;
			defaultConfigurationName = Release;
		};
		B90A0B352E2EAA7100A8D7BE /* Build configuration list for PBXNativeTarget "VoiceAssistant" */ = {
			isa = XCConfigurationList;
			buildConfigurations = (
				B90A0B362E2EAA7100A8D7BE /* Debug */,
				B90A0B372E2EAA7100A8D7BE /* Release */,
			);
			defaultConfigurationIsVisible = 0;
			defaultConfigurationName = Release;
		};
		B90A0B382E2EAA7100A8D7BE /* Build configuration list for PBXNativeTarget "VoiceAssistantTests" */ = {
			isa = XCConfigurationList;
			buildConfigurations = (
				B90A0B392E2EAA7100A8D7BE /* Debug */,
				B90A0B3A2E2EAA7100A8D7BE /* Release */,
			);
			defaultConfigurationIsVisible = 0;
			defaultConfigurationName = Release;
		};
		B90A0B3B2E2EAA7100A8D7BE /* Build configuration list for PBXNativeTarget "VoiceAssistantUITests" */ = {
			isa = XCConfigurationList;
			buildConfigurations = (
				B90A0B3C2E2EAA7100A8D7BE /* Debug */,
				B90A0B3D2E2EAA7100A8D7BE /* Release */,
			);
			defaultConfigurationIsVisible = 0;
			defaultConfigurationName = Release;
		};
/* End XCConfigurationList section */

/* Begin XCRemoteSwiftPackageReference section */
		EC753BE82E31ADDF00EDF7F4 /* XCRemoteSwiftPackageReference "elevenlabs-swift-sdk" */ = {
			isa = XCRemoteSwiftPackageReference;
			repositoryURL = "https://github.com/elevenlabs/elevenlabs-swift-sdk";
			requirement = {
				kind = upToNextMajorVersion;
				minimumVersion = 1.0.0;
			};
		};
		ECD99F702E31A5AA0002B407 /* XCRemoteSwiftPackageReference "ElevenLabsSwift" */ = {
			isa = XCRemoteSwiftPackageReference;
			repositoryURL = "https://github.com/elevenlabs/ElevenLabsSwift";
			requirement = {
				branch = main;
				kind = branch;
			};
		};
/* End XCRemoteSwiftPackageReference section */

/* Begin XCSwiftPackageProductDependency section */
		EC753BE92E31ADDF00EDF7F4 /* ElevenLabsSDK */ = {
			isa = XCSwiftPackageProductDependency;
			package = EC753BE82E31ADDF00EDF7F4 /* XCRemoteSwiftPackageReference "elevenlabs-swift-sdk" */;
			productName = ElevenLabsSDK;
		};
		ECD99F712E31A5AA0002B407 /* ElevenLabs */ = {
			isa = XCSwiftPackageProductDependency;
			package = ECD99F702E31A5AA0002B407 /* XCRemoteSwiftPackageReference "ElevenLabsSwift" */;
			productName = ElevenLabs;
		};
/* End XCSwiftPackageProductDependency section */
	};
	rootObject = B90A0B0A2E2EAA7000A8D7BE /* Project object */;
}
